
Microsoft Visual Studio Solution File, Format Version 12.00
# Visual Studio Version 17
VisualStudioVersion = 17.11.35222.181
MinimumVisualStudioVersion = 10.0.40219.1
Project("{FAE04EC0-301F-11D3-BF4B-00C04F79EFBC}") = "ConsolefirstApp", "ConsolefirstApp\ConsolefirstApp.csproj", "{59840462-CB71-4CB0-B00A-0244D4155D4C}"
EndProject
Global
	GlobalSection(SolutionConfigurationPlatforms) = preSolution
		Debug|Any CPU = Debug|Any CPU
		Release|Any CPU = Release|Any CPU
	EndGlobalSection
	GlobalSection(ProjectConfigurationPlatforms) = postSolution
		{59840462-CB71-4CB0-B00A-0244D4155D4C}.Debug|Any CPU.ActiveCfg = Debug|Any CPU
		{59840462-CB71-4CB0-B00A-0244D4155D4C}.Debug|Any CPU.Build.0 = Debug|Any CPU
		{59840462-CB71-4CB0-B00A-0244D4155D4C}.Release|Any CPU.ActiveCfg = Release|Any CPU
		{59840462-CB71-4CB0-B00A-0244D4155D4C}.Release|Any CPU.Build.0 = Release|Any CPU
	EndGlobalSection
	GlobalSection(SolutionProperties) = preSolution
		HideSolutionNode = FALSE
	EndGlobalSection
	GlobalSection(ExtensibilityGlobals) = postSolution
		SolutionGuid = {CBDF9899-B996-45B5-BCF7-31090653952C}
	EndGlobalSection
EndGlobal
